{
  "version": 4,
  "terraform_version": "1.9.8",
  "serial": 1,
  "lineage": "10c18c5d-e7e1-eafb-4e4f-be2780060b08",
  "outputs": {},
  "resources": [
    {
      "mode": "managed",
      "type": "local_file",
      "name": "app_config",
      "provider": "provider[\"registry.terraform.io/hashicorp/local\"]",
      "instances": [
        {
          "schema_version": 0,
          "attributes": {
            "content": "{\"log_level\":\"info\",\"replicas\":2,\"service\":\"shipshape-audit-demo\"}",
            "content_base64": null,
            "content_base64sha256": "v9pXP7+MH1W+Ffw074Iam1qSUAI38vxqd11s7elS97U=",
            "content_base64sha512": "Y1zkq7GESAdwkUIeyaPtVynUuB4zAUJSjuzYKwbb7D5pL8Zc17OSb/NUKD850DHytErxYjbhe5v+l1fW/SfjbA==",
            "content_md5": "c7d166930e9bd55c68a7ee680445ea7d",
            "content_sha1": "3473b09b455e7027dcfe66e5bb5232a8ace1affb",
            "content_sha256": "bfda573fbf8c1f55be15fc34ef821a9b5a92500237f2fc6a775d6cede952f7b5",
            "content_sha512": "635ce4abb18448077091421ec9a3ed5729d4b81e330142528eecd82b06dbec3e692fc65cd7b3926ff354283f39d031f2b44af16236e17b9bfe9757d6fd27e36c",
            "directory_permission": "0777",
            "file_permission": "0644",
            "filename": "./generated/app.config.json",
            "id": "3473b09b455e7027dcfe66e5bb5232a8ace1affb",
            "sensitive_content": null,
            "source": null
          },
          "sensitive_attributes": [
            [
              {
                "type": "get_attr",
                "value": "sensitive_content"
              }
            ]
          ]
        }
      ]
    },
    {
      "mode": "managed",
      "type": "local_file",
      "name": "env_file",
      "provider": "provider[\"registry.terraform.io/hashicorp/local\"]",
      "instances": [
        {
          "schema_version": 0,
          "attributes": {
            "content": "NODE_ENV=production\nFEATURE_FLAG_BETA=false\n",
            "content_base64": null,
            "content_base64sha256": "cIf+t5xzXqsqvngYW0tALmO7eDKfeKGnGIWmrYh3eaM=",
            "content_base64sha512": "GVR7CGRyCY9AFtgC8bESNDNjqruFgk2r9XwDlkpnwhAhFhOQNJJS4zl6p3bQRJS7YanRM4/E3d0oZnODq4Lwhw==",
            "content_md5": "19faac72c5f522acd512956ac0d590fe",
            "content_sha1": "1b55e64bdb02be032f818605f95d1228d563baf1",
            "content_sha256": "7087feb79c735eab2abe78185b4b402e63bb78329f78a1a71885a6ad887779a3",
            "content_sha512": "19547b086472098f4016d802f1b112343363aabb85824dabf57c03964a67c21021161390349252e3397aa776d04494bb61a9d1338fc4dddd28667383ab82f087",
            "directory_permission": "0777",
            "file_permission": "0600",
            "filename": "./generated/app.env",
            "id": "1b55e64bdb02be032f818605f95d1228d563baf1",
            "sensitive_content": null,
            "source": null
          },
          "sensitive_attributes": [
            [
              {
                "type": "get_attr",
                "value": "sensitive_content"
              }
            ]
          ]
        }
      ]
    }
  ],
  "check_results": null
}
